# @generated by Move, please check-in and do not edit manually.

[move]
version = 3
manifest_digest = "292E7494744C0DC682ED5D5C7B98B0235B2BDD85D8255F4E288B8AAF5DE23910"
deps_digest = "F8BBB0CCB2491CA29A3DF03D6F92277A4F3574266507ACD77214D37ECA3F3082"
dependencies = [
  { id = "Sui", name = "Sui" },
]

[[move.package]]
id = "MoveStdlib"
source = { git = "https://github.com/MystenLabs/sui.git", rev = "main", subdir = "crates/sui-framework/packages/move-stdlib" }

[[move.package]]
id = "Sui"
source = { git = "https://github.com/MystenLabs/sui.git", rev = "main", subdir = "crates/sui-framework/packages/sui-framework" }

dependencies = [
  { id = "MoveStdlib", name = "MoveStdlib" },
]

[move.toolchain-version]
compiler-version = "1.62.0"
edition = "2024"
flavor = "sui"

[env]

[env.testnet]
chain-id = "4c78adac"
original-published-id = "0x5bb966f8fa4f87a0c7a5ef413b969fb21eea52e6dd4adedb3b4aeb649ca6d238"
latest-published-id = "0x5bb966f8fa4f87a0c7a5ef413b969fb21eea52e6dd4adedb3b4aeb649ca6d238"
published-version = "1"
